
Microsoft Visual Studio Solution File, Format Version 12.00
# Visual Studio Version 16
VisualStudioVersion = 16.0.30413.136
MinimumVisualStudioVersion = 10.0.40219.1
Project("{F184B08F-C81C-45F6-A57F-5ABD9991F28F}") = "ClassRoom Teacher", "ClassRoom Teacher\ClassRoom Teacher.vbproj", "{9EFB5F3D-77E0-4C96-96C3-823FC79A0CE8}"
EndProject
Project("{F184B08F-C81C-45F6-A57F-5ABD9991F28F}") = "ClassRoom Student", "ClassRoom Student\ClassRoom Student.vbproj", "{B1BC4605-313A-4EB4-9728-374B81AB91B3}"
EndProject
Project("{2150E333-8FDC-42A3-9474-1A3956D46DE8}") = "Old", "Old", "{97CF38AC-7AC5-4111-95A9-4472933AA18B}"
EndProject
Project("{2150E333-8FDC-42A3-9474-1A3956D46DE8}") = "New", "New", "{C05FF14C-E0E1-41D6-847B-88815AB66AFE}"
EndProject
Project("{F184B08F-C81C-45F6-A57F-5ABD9991F28F}") = "ClassRoom Manager", "ClassRoom Manager\ClassRoom Manager.vbproj", "{4555095B-18BA-4D4A-B5C7-C56CFA818A87}"
EndProject
Project("{F184B08F-C81C-45F6-A57F-5ABD9991F28F}") = "ClassRoom Manager UI", "ClassRoom Manager UI\ClassRoom Manager UI.vbproj", "{10BA234B-9721-4F85-8010-CD279732B468}"
EndProject
Global
	GlobalSection(SolutionConfigurationPlatforms) = preSolution
		Debug|Any CPU = Debug|Any CPU
		Debug|ARM = Debug|ARM
		Debug|ARM64 = Debug|ARM64
		Debug|x64 = Debug|x64
		Debug|x86 = Debug|x86
		Release|Any CPU = Release|Any CPU
		Release|ARM = Release|ARM
		Release|ARM64 = Release|ARM64
		Release|x64 = Release|x64
		Release|x86 = Release|x86
	EndGlobalSection
	GlobalSection(ProjectConfigurationPlatforms) = postSolution
		{9EFB5F3D-77E0-4C96-96C3-823FC79A0CE8}.Debug|Any CPU.ActiveCfg = Debug|Any CPU
		{9EFB5F3D-77E0-4C96-96C3-823FC79A0CE8}.Debug|Any CPU.Build.0 = Debug|Any CPU
		{9EFB5F3D-77E0-4C96-96C3-823FC79A0CE8}.Debug|ARM.ActiveCfg = Debug|Any CPU
		{9EFB5F3D-77E0-4C96-96C3-823FC79A0CE8}.Debug|ARM.Build.0 = Debug|Any CPU
		{9EFB5F3D-77E0-4C96-96C3-823FC79A0CE8}.Debug|ARM64.ActiveCfg = Debug|Any CPU
		{9EFB5F3D-77E0-4C96-96C3-823FC79A0CE8}.Debug|ARM64.Build.0 = Debug|Any CPU
		{9EFB5F3D-77E0-4C96-96C3-823FC79A0CE8}.Debug|x64.ActiveCfg = Debug|Any CPU
		{9EFB5F3D-77E0-4C96-96C3-823FC79A0CE8}.Debug|x64.Build.0 = Debug|Any CPU
		{9EFB5F3D-77E0-4C96-96C3-823FC79A0CE8}.Debug|x86.ActiveCfg = Debug|Any CPU
		{9EFB5F3D-77E0-4C96-96C3-823FC79A0CE8}.Debug|x86.Build.0 = Debug|Any CPU
		{9EFB5F3D-77E0-4C96-96C3-823FC79A0CE8}.Release|Any CPU.ActiveCfg = Release|Any CPU
		{9EFB5F3D-77E0-4C96-96C3-823FC79A0CE8}.Release|Any CPU.Build.0 = Release|Any CPU
		{9EFB5F3D-77E0-4C96-96C3-823FC79A0CE8}.Release|ARM.ActiveCfg = Release|Any CPU
		{9EFB5F3D-77E0-4C96-96C3-823FC79A0CE8}.Release|ARM.Build.0 = Release|Any CPU
		{9EFB5F3D-77E0-4C96-96C3-823FC79A0CE8}.Release|ARM64.ActiveCfg = Release|Any CPU
		{9EFB5F3D-77E0-4C96-96C3-823FC79A0CE8}.Release|ARM64.Build.0 = Release|Any CPU
		{9EFB5F3D-77E0-4C96-96C3-823FC79A0CE8}.Release|x64.ActiveCfg = Release|Any CPU
		{9EFB5F3D-77E0-4C96-96C3-823FC79A0CE8}.Release|x64.Build.0 = Release|Any CPU
		{9EFB5F3D-77E0-4C96-96C3-823FC79A0CE8}.Release|x86.ActiveCfg = Release|Any CPU
		{9EFB5F3D-77E0-4C96-96C3-823FC79A0CE8}.Release|x86.Build.0 = Release|Any CPU
		{B1BC4605-313A-4EB4-9728-374B81AB91B3}.Debug|Any CPU.ActiveCfg = Debug|Any CPU
		{B1BC4605-313A-4EB4-9728-374B81AB91B3}.Debug|Any CPU.Build.0 = Debug|Any CPU
		{B1BC4605-313A-4EB4-9728-374B81AB91B3}.Debug|ARM.ActiveCfg = Debug|Any CPU
		{B1BC4605-313A-4EB4-9728-374B81AB91B3}.Debug|ARM.Build.0 = Debug|Any CPU
		{B1BC4605-313A-4EB4-9728-374B81AB91B3}.Debug|ARM64.ActiveCfg = Debug|Any CPU
		{B1BC4605-313A-4EB4-9728-374B81AB91B3}.Debug|ARM64.Build.0 = Debug|Any CPU
		{B1BC4605-313A-4EB4-9728-374B81AB91B3}.Debug|x64.ActiveCfg = Debug|Any CPU
		{B1BC4605-313A-4EB4-9728-374B81AB91B3}.Debug|x64.Build.0 = Debug|Any CPU
		{B1BC4605-313A-4EB4-9728-374B81AB91B3}.Debug|x86.ActiveCfg = Debug|Any CPU
		{B1BC4605-313A-4EB4-9728-374B81AB91B3}.Debug|x86.Build.0 = Debug|Any CPU
		{B1BC4605-313A-4EB4-9728-374B81AB91B3}.Release|Any CPU.ActiveCfg = Release|Any CPU
		{B1BC4605-313A-4EB4-9728-374B81AB91B3}.Release|Any CPU.Build.0 = Release|Any CPU
		{B1BC4605-313A-4EB4-9728-374B81AB91B3}.Release|ARM.ActiveCfg = Release|Any CPU
		{B1BC4605-313A-4EB4-9728-374B81AB91B3}.Release|ARM.Build.0 = Release|Any CPU
		{B1BC4605-313A-4EB4-9728-374B81AB91B3}.Release|ARM64.ActiveCfg = Release|Any CPU
		{B1BC4605-313A-4EB4-9728-374B81AB91B3}.Release|ARM64.Build.0 = Release|Any CPU
		{B1BC4605-313A-4EB4-9728-374B81AB91B3}.Release|x64.ActiveCfg = Release|Any CPU
		{B1BC4605-313A-4EB4-9728-374B81AB91B3}.Release|x64.Build.0 = Release|Any CPU
		{B1BC4605-313A-4EB4-9728-374B81AB91B3}.Release|x86.ActiveCfg = Release|Any CPU
		{B1BC4605-313A-4EB4-9728-374B81AB91B3}.Release|x86.Build.0 = Release|Any CPU
		{4555095B-18BA-4D4A-B5C7-C56CFA818A87}.Debug|Any CPU.ActiveCfg = Debug|x86
		{4555095B-18BA-4D4A-B5C7-C56CFA818A87}.Debug|Any CPU.Build.0 = Debug|x86
		{4555095B-18BA-4D4A-B5C7-C56CFA818A87}.Debug|ARM.ActiveCfg = Debug|Any CPU
		{4555095B-18BA-4D4A-B5C7-C56CFA818A87}.Debug|ARM.Build.0 = Debug|Any CPU
		{4555095B-18BA-4D4A-B5C7-C56CFA818A87}.Debug|ARM64.ActiveCfg = Debug|Any CPU
		{4555095B-18BA-4D4A-B5C7-C56CFA818A87}.Debug|ARM64.Build.0 = Debug|Any CPU
		{4555095B-18BA-4D4A-B5C7-C56CFA818A87}.Debug|x64.ActiveCfg = Debug|Any CPU
		{4555095B-18BA-4D4A-B5C7-C56CFA818A87}.Debug|x64.Build.0 = Debug|Any CPU
		{4555095B-18BA-4D4A-B5C7-C56CFA818A87}.Debug|x86.ActiveCfg = Debug|Any CPU
		{4555095B-18BA-4D4A-B5C7-C56CFA818A87}.Debug|x86.Build.0 = Debug|Any CPU
		{4555095B-18BA-4D4A-B5C7-C56CFA818A87}.Release|Any CPU.ActiveCfg = Release|Any CPU
		{4555095B-18BA-4D4A-B5C7-C56CFA818A87}.Release|Any CPU.Build.0 = Release|Any CPU
		{4555095B-18BA-4D4A-B5C7-C56CFA818A87}.Release|ARM.ActiveCfg = Release|Any CPU
		{4555095B-18BA-4D4A-B5C7-C56CFA818A87}.Release|ARM.Build.0 = Release|Any CPU
		{4555095B-18BA-4D4A-B5C7-C56CFA818A87}.Release|ARM64.ActiveCfg = Release|Any CPU
		{4555095B-18BA-4D4A-B5C7-C56CFA818A87}.Release|ARM64.Build.0 = Release|Any CPU
		{4555095B-18BA-4D4A-B5C7-C56CFA818A87}.Release|x64.ActiveCfg = Release|Any CPU
		{4555095B-18BA-4D4A-B5C7-C56CFA818A87}.Release|x64.Build.0 = Release|Any CPU
		{4555095B-18BA-4D4A-B5C7-C56CFA818A87}.Release|x86.ActiveCfg = Release|Any CPU
		{4555095B-18BA-4D4A-B5C7-C56CFA818A87}.Release|x86.Build.0 = Release|Any CPU
		{10BA234B-9721-4F85-8010-CD279732B468}.Debug|Any CPU.ActiveCfg = Debug|x86
		{10BA234B-9721-4F85-8010-CD279732B468}.Debug|ARM.ActiveCfg = Debug|ARM
		{10BA234B-9721-4F85-8010-CD279732B468}.Debug|ARM.Build.0 = Debug|ARM
		{10BA234B-9721-4F85-8010-CD279732B468}.Debug|ARM.Deploy.0 = Debug|ARM
		{10BA234B-9721-4F85-8010-CD279732B468}.Debug|ARM64.ActiveCfg = Debug|ARM64
		{10BA234B-9721-4F85-8010-CD279732B468}.Debug|ARM64.Build.0 = Debug|ARM64
		{10BA234B-9721-4F85-8010-CD279732B468}.Debug|ARM64.Deploy.0 = Debug|ARM64
		{10BA234B-9721-4F85-8010-CD279732B468}.Debug|x64.ActiveCfg = Debug|x64
		{10BA234B-9721-4F85-8010-CD279732B468}.Debug|x64.Build.0 = Debug|x64
		{10BA234B-9721-4F85-8010-CD279732B468}.Debug|x64.Deploy.0 = Debug|x64
		{10BA234B-9721-4F85-8010-CD279732B468}.Debug|x86.ActiveCfg = Debug|x86
		{10BA234B-9721-4F85-8010-CD279732B468}.Debug|x86.Build.0 = Debug|x86
		{10BA234B-9721-4F85-8010-CD279732B468}.Debug|x86.Deploy.0 = Debug|x86
		{10BA234B-9721-4F85-8010-CD279732B468}.Release|Any CPU.ActiveCfg = Release|x86
		{10BA234B-9721-4F85-8010-CD279732B468}.Release|ARM.ActiveCfg = Release|ARM
		{10BA234B-9721-4F85-8010-CD279732B468}.Release|ARM.Build.0 = Release|ARM
		{10BA234B-9721-4F85-8010-CD279732B468}.Release|ARM.Deploy.0 = Release|ARM
		{10BA234B-9721-4F85-8010-CD279732B468}.Release|ARM64.ActiveCfg = Release|ARM64
		{10BA234B-9721-4F85-8010-CD279732B468}.Release|ARM64.Build.0 = Release|ARM64
		{10BA234B-9721-4F85-8010-CD279732B468}.Release|ARM64.Deploy.0 = Release|ARM64
		{10BA234B-9721-4F85-8010-CD279732B468}.Release|x64.ActiveCfg = Release|x64
		{10BA234B-9721-4F85-8010-CD279732B468}.Release|x64.Build.0 = Release|x64
		{10BA234B-9721-4F85-8010-CD279732B468}.Release|x64.Deploy.0 = Release|x64
		{10BA234B-9721-4F85-8010-CD279732B468}.Release|x86.ActiveCfg = Release|x86
		{10BA234B-9721-4F85-8010-CD279732B468}.Release|x86.Build.0 = Release|x86
		{10BA234B-9721-4F85-8010-CD279732B468}.Release|x86.Deploy.0 = Release|x86
	EndGlobalSection
	GlobalSection(SolutionProperties) = preSolution
		HideSolutionNode = FALSE
	EndGlobalSection
	GlobalSection(NestedProjects) = preSolution
		{9EFB5F3D-77E0-4C96-96C3-823FC79A0CE8} = {97CF38AC-7AC5-4111-95A9-4472933AA18B}
		{B1BC4605-313A-4EB4-9728-374B81AB91B3} = {97CF38AC-7AC5-4111-95A9-4472933AA18B}
		{4555095B-18BA-4D4A-B5C7-C56CFA818A87} = {C05FF14C-E0E1-41D6-847B-88815AB66AFE}
		{10BA234B-9721-4F85-8010-CD279732B468} = {C05FF14C-E0E1-41D6-847B-88815AB66AFE}
	EndGlobalSection
	GlobalSection(ExtensibilityGlobals) = postSolution
		SolutionGuid = {6C8511A2-4CDD-4ACF-9E3B-BA15A1108CC5}
	EndGlobalSection
EndGlobal
